<Solution>
  <Project Path="OrderFlow.Api/OrderFlow.Api.csproj" />
  <Project Path="OrderFlow.Application/OrderFlow.Application.csproj" />
  <Project Path="OrderFlow.Domain/OrderFlow.Domain.csproj" />
  <Project Path="OrderFlow.Infrastructure/OrderFlow.Infrastructure.csproj" />
  <Project Path="OrderFlow.Persistence/OrderFlow.Persistence.csproj" />
  <Project Path="OrderFlow.Worker/OrderFlow.Worker.csproj" />
</Solution>
